# This file is automatically @generated by Cargo.
# It is not intended for manual editing.
version = 3

[[package]]
name = "Iced"
version = "1.0.4"
dependencies = [
 "iced-x86",
 "libc",
 "winres",
]

[[package]]
name = "iced-x86"
version = "1.21.0"
source = "registry+https://github.com/rust-lang/crates.io-index"
checksum = "7c447cff8c7f384a7d4f741cfcff32f75f3ad02b406432e8d6c878d56b1edf6b"
dependencies = [
 "lazy_static",
]

[[package]]
name = "lazy_static"
version = "1.4.0"
source = "registry+https://github.com/rust-lang/crates.io-index"
checksum = "e2abad23fbc42b3700f2f279844dc832adb2b2eb069b2df918f455c4e18cc646"

[[package]]
name = "libc"
version = "0.2.152"
source = "registry+https://github.com/rust-lang/crates.io-index"
checksum = "13e3bf6590cbc649f4d1a3eefc9d5d6eb746f5200ffb04e5e142700b8faa56e7"

[[package]]
name = "proc-macro2"
version = "1.0.66"
source = "registry+https://github.com/rust-lang/crates.io-index"
checksum = "18fb31db3f9bddb2ea821cde30a9f70117e3f119938b5ee630b7403aa6e2ead9"
dependencies = [
 "unicode-ident",
]

[[package]]
name = "quote"
version = "1.0.33"
source = "registry+https://github.com/rust-lang/crates.io-index"
checksum = "5267fca4496028628a95160fc423a33e8b2e6af8a5302579e322e4b520293cae"
dependencies = [
 "proc-macro2",
]

[[package]]
name = "serde"
version = "1.0.188"
source = "registry+https://github.com/rust-lang/crates.io-index"
checksum = "cf9e0fcba69a370eed61bcf2b728575f726b50b55cba78064753d708ddc7549e"
dependencies = [
 "serde_derive",
]

[[package]]
name = "serde_derive"
version = "1.0.188"
source = "registry+https://github.com/rust-lang/crates.io-index"
checksum = "4eca7ac642d82aa35b60049a6eccb4be6be75e599bd2e9adb5f875a737654af2"
dependencies = [
 "proc-macro2",
 "quote",
 "syn",
]

[[package]]
name = "syn"
version = "2.0.29"
source = "registry+https://github.com/rust-lang/crates.io-index"
checksum = "c324c494eba9d92503e6f1ef2e6df781e78f6a7705a0202d9801b198807d518a"
dependencies = [
 "proc-macro2",
 "quote",
 "unicode-ident",
]

[[package]]
name = "toml"
version = "0.5.11"
source = "registry+https://github.com/rust-lang/crates.io-index"
checksum = "f4f7f0dd8d50a853a531c426359045b1998f04219d88799810762cd4ad314234"
dependencies = [
 "serde",
]

[[package]]
name = "unicode-ident"
version = "1.0.11"
source = "registry+https://github.com/rust-lang/crates.io-index"
checksum = "301abaae475aa91687eb82514b328ab47a211a533026cb25fc3e519b86adfc3c"

[[package]]
name = "winres"
version = "0.1.12"
source = "registry+https://github.com/rust-lang/crates.io-index"
checksum = "b68db261ef59e9e52806f688020631e987592bd83619edccda9c47d42cde4f6c"
dependencies = [
 "toml",
]
